
Microsoft Visual Studio Solution File, Format Version 12.00
# Visual Studio Version 17
VisualStudioVersion = 17.9.34728.123
MinimumVisualStudioVersion = 10.0.40219.1
Project("{FAE04EC0-301F-11D3-BF4B-00C04F79EFBC}") = "Prk2", "Prk2\Prk2.csproj", "{114F2265-8D8E-4942-B084-B25E07586532}"
EndProject
Global
	GlobalSection(SolutionConfigurationPlatforms) = preSolution
		Debug|Any CPU = Debug|Any CPU
		Release|Any CPU = Release|Any CPU
	EndGlobalSection
	GlobalSection(ProjectConfigurationPlatforms) = postSolution
		{114F2265-8D8E-4942-B084-B25E07586532}.Debug|Any CPU.ActiveCfg = Debug|Any CPU
		{114F2265-8D8E-4942-B084-B25E07586532}.Debug|Any CPU.Build.0 = Debug|Any CPU
		{114F2265-8D8E-4942-B084-B25E07586532}.Release|Any CPU.ActiveCfg = Release|Any CPU
		{114F2265-8D8E-4942-B084-B25E07586532}.Release|Any CPU.Build.0 = Release|Any CPU
	EndGlobalSection
	GlobalSection(SolutionProperties) = preSolution
		HideSolutionNode = FALSE
	EndGlobalSection
	GlobalSection(ExtensibilityGlobals) = postSolution
		SolutionGuid = {54309D55-73DF-4C22-97FE-F72ED1E690E8}
	EndGlobalSection
EndGlobal
