
Microsoft Visual Studio Solution File, Format Version 12.00
# Visual Studio Version 17
VisualStudioVersion = 17.9.34728.123
MinimumVisualStudioVersion = 10.0.40219.1
Project("{FAE04EC0-301F-11D3-BF4B-00C04F79EFBC}") = "Praktika1", "Praktika1\Praktika1.csproj", "{474AEE1F-0D5E-4E31-A133-C27E4BE3D8BA}"
EndProject
Global
	GlobalSection(SolutionConfigurationPlatforms) = preSolution
		Debug|Any CPU = Debug|Any CPU
		Release|Any CPU = Release|Any CPU
	EndGlobalSection
	GlobalSection(ProjectConfigurationPlatforms) = postSolution
		{474AEE1F-0D5E-4E31-A133-C27E4BE3D8BA}.Debug|Any CPU.ActiveCfg = Debug|Any CPU
		{474AEE1F-0D5E-4E31-A133-C27E4BE3D8BA}.Debug|Any CPU.Build.0 = Debug|Any CPU
		{474AEE1F-0D5E-4E31-A133-C27E4BE3D8BA}.Release|Any CPU.ActiveCfg = Release|Any CPU
		{474AEE1F-0D5E-4E31-A133-C27E4BE3D8BA}.Release|Any CPU.Build.0 = Release|Any CPU
	EndGlobalSection
	GlobalSection(SolutionProperties) = preSolution
		HideSolutionNode = FALSE
	EndGlobalSection
	GlobalSection(ExtensibilityGlobals) = postSolution
		SolutionGuid = {172049ED-C643-4148-956B-380FC37E6C4A}
	EndGlobalSection
EndGlobal
